
Microsoft Visual Studio Solution File, Format Version 12.00
# Visual Studio 15
VisualStudioVersion = 15.0.28307.271
MinimumVisualStudioVersion = 10.0.40219.1
Project("{FAE04EC0-301F-11D3-BF4B-00C04F79EFBC}") = "Watcher.API", "Watcher.API\Watcher.API.csproj", "{10B92CAA-CDA6-46A9-A440-90E633842F11}"
EndProject
Project("{FAE04EC0-301F-11D3-BF4B-00C04F79EFBC}") = "Watcher.API.Tests", "Watcher.API.Tests\Watcher.API.Tests.csproj", "{C9DD2B65-38C3-4CE8-90C3-E229CA162709}"
EndProject
Global
	GlobalSection(SolutionConfigurationPlatforms) = preSolution
		Debug|Any CPU = Debug|Any CPU
		Release|Any CPU = Release|Any CPU
	EndGlobalSection
	GlobalSection(ProjectConfigurationPlatforms) = postSolution
		{10B92CAA-CDA6-46A9-A440-90E633842F11}.Debug|Any CPU.ActiveCfg = Debug|Any CPU
		{10B92CAA-CDA6-46A9-A440-90E633842F11}.Debug|Any CPU.Build.0 = Debug|Any CPU
		{10B92CAA-CDA6-46A9-A440-90E633842F11}.Release|Any CPU.ActiveCfg = Release|Any CPU
		{10B92CAA-CDA6-46A9-A440-90E633842F11}.Release|Any CPU.Build.0 = Release|Any CPU
		{C9DD2B65-38C3-4CE8-90C3-E229CA162709}.Debug|Any CPU.ActiveCfg = Debug|Any CPU
		{C9DD2B65-38C3-4CE8-90C3-E229CA162709}.Debug|Any CPU.Build.0 = Debug|Any CPU
		{C9DD2B65-38C3-4CE8-90C3-E229CA162709}.Release|Any CPU.ActiveCfg = Release|Any CPU
		{C9DD2B65-38C3-4CE8-90C3-E229CA162709}.Release|Any CPU.Build.0 = Release|Any CPU
	EndGlobalSection
	GlobalSection(SolutionProperties) = preSolution
		HideSolutionNode = FALSE
	EndGlobalSection
	GlobalSection(ExtensibilityGlobals) = postSolution
		SolutionGuid = {52678C37-7366-4EA5-AAA2-B968C514085C}
	EndGlobalSection
EndGlobal
